// !$*UTF8*$!
{
	archiveVersion = 1;
	classes = {
	};
	objectVersion = 55;
	objects = {

/* Begin PBXBuildFile section */
		091C3EB127D7AD0700319728 /* AppDelegate.swift in Sources */ = {isa = PBXBuildFile; fileRef = 091C3EB027D7AD0700319728 /* AppDelegate.swift */; };
		091C3EB327D7AD0700319728 /* SceneDelegate.swift in Sources */ = {isa = PBXBuildFile; fileRef = 091C3EB227D7AD0700319728 /* SceneDelegate.swift */; };
		091C3EB527D7AD0700319728 /* ViewController.swift in Sources */ = {isa = PBXBuildFile; fileRef = 091C3EB427D7AD0700319728 /* ViewController.swift */; };
		091C3EB827D7AD0700319728 /* Main.storyboard in Resources */ = {isa = PBXBuildFile; fileRef = 091C3EB627D7AD0700319728 /* Main.storyboard */; };
		091C3EBB27D7AD0700319728 /* Reciplease.xcdatamodeld in Sources */ = {isa = PBXBuildFile; fileRef = 091C3EB927D7AD0700319728 /* Reciplease.xcdatamodeld */; };
		091C3EC027D7AD0800319728 /* LaunchScreen.storyboard in Resources */ = {isa = PBXBuildFile; fileRef = 091C3EBE27D7AD0800319728 /* LaunchScreen.storyboard */; };
		091C3ECB27D7AD0800319728 /* RecipleaseTests.swift in Sources */ = {isa = PBXBuildFile; fileRef = 091C3ECA27D7AD0800319728 /* RecipleaseTests.swift */; };
		094442B127EE4BEA0020A453 /* TabBarViewController.swift in Sources */ = {isa = PBXBuildFile; fileRef = 094442B027EE4BEA0020A453 /* TabBarViewController.swift */; };
		0945271A27DCB572007A1DA6 /* IngredientDetailCell.swift in Sources */ = {isa = PBXBuildFile; fileRef = 0945271927DCB572007A1DA6 /* IngredientDetailCell.swift */; };
		0945271C27DCB78A007A1DA6 /* IngredientsListTableViewController.swift in Sources */ = {isa = PBXBuildFile; fileRef = 0945271B27DCB78A007A1DA6 /* IngredientsListTableViewController.swift */; };
		0945272027DCCBA6007A1DA6 /* IngredientMetricsView.swift in Sources */ = {isa = PBXBuildFile; fileRef = 0945271F27DCCBA6007A1DA6 /* IngredientMetricsView.swift */; };
		0945272227DCCBC1007A1DA6 /* IngredientMetricsView.xib in Resources */ = {isa = PBXBuildFile; fileRef = 0945272127DCCBC1007A1DA6 /* IngredientMetricsView.xib */; };
		09730A3827E7952F00059834 /* JsonData.swift in Sources */ = {isa = PBXBuildFile; fileRef = 09730A3727E7952F00059834 /* JsonData.swift */; };
		09730A3C27E79F7700059834 /* RecipeHeaderTableViewCell.swift in Sources */ = {isa = PBXBuildFile; fileRef = 09730A3B27E79F7700059834 /* RecipeHeaderTableViewCell.swift */; };
		098187EB27DF4F23005DDC93 /* RecipesHearderView.swift in Sources */ = {isa = PBXBuildFile; fileRef = 098187EA27DF4F23005DDC93 /* RecipesHearderView.swift */; };
		098187ED27DF5A42005DDC93 /* RecipesDetailViewController.swift in Sources */ = {isa = PBXBuildFile; fileRef = 098187EC27DF5A42005DDC93 /* RecipesDetailViewController.swift */; };
		098953682804624800E69303 /* CoreDataStack.swift in Sources */ = {isa = PBXBuildFile; fileRef = 098953672804624800E69303 /* CoreDataStack.swift */; };
		0989536A2804647F00E69303 /* StoredObject.swift in Sources */ = {isa = PBXBuildFile; fileRef = 098953692804647F00E69303 /* StoredObject.swift */; };
		0989536C280464C900E69303 /* StoredDataManager.swift in Sources */ = {isa = PBXBuildFile; fileRef = 0989536B280464C900E69303 /* StoredDataManager.swift */; };
		0989536F28047F6E00E69303 /* Helper.swift in Sources */ = {isa = PBXBuildFile; fileRef = 0989536E28047F6E00E69303 /* Helper.swift */; };
		0999FCAA27E9DE51000DE4A4 /* EdamamApiService.swift in Sources */ = {isa = PBXBuildFile; fileRef = 0999FCA927E9DE51000DE4A4 /* EdamamApiService.swift */; };
		0999FCAC27E9E2B0000DE4A4 /* ImageLoader.swift in Sources */ = {isa = PBXBuildFile; fileRef = 0999FCAB27E9E2B0000DE4A4 /* ImageLoader.swift */; };
		099DBB1A27DE500F00A3E2F1 /* Assets.xcassets in Resources */ = {isa = PBXBuildFile; fileRef = 091C3EBC27D7AD0800319728 /* Assets.xcassets */; };
		09A557D9280C55520012077B /* TestEdamamApiService.swift in Sources */ = {isa = PBXBuildFile; fileRef = 09A557D8280C55520012077B /* TestEdamamApiService.swift */; };
		09A557DB280C69870012077B /* TestStoredDataManager.swift in Sources */ = {isa = PBXBuildFile; fileRef = 09A557DA280C69870012077B /* TestStoredDataManager.swift */; };
		09B0CD02285DE09900FB0EAB /* TestContainer.swift in Sources */ = {isa = PBXBuildFile; fileRef = 09B0CD01285DE09900FB0EAB /* TestContainer.swift */; };
		09C85EAA2858ED72003D9030 /* Mocking.swift in Sources */ = {isa = PBXBuildFile; fileRef = 09C85EA92858ED72003D9030 /* Mocking.swift */; };
		09CE6F3527F85CCE00685ADB /* FavoritesRecipesTableViewController.swift in Sources */ = {isa = PBXBuildFile; fileRef = 09CE6F3427F85CCE00685ADB /* FavoritesRecipesTableViewController.swift */; };
		09CE6F3727F86B7E00685ADB /* Empty favorites recipes view.xib in Resources */ = {isa = PBXBuildFile; fileRef = 09CE6F3627F86B7E00685ADB /* Empty favorites recipes view.xib */; };
		09CE6F3927F876B300685ADB /* EmptyFavoriteRecipesView.swift in Sources */ = {isa = PBXBuildFile; fileRef = 09CE6F3827F876B300685ADB /* EmptyFavoriteRecipesView.swift */; };
		09D65C8727E0A17600B788F6 /* Delegate.swift in Sources */ = {isa = PBXBuildFile; fileRef = 09D65C8627E0A17600B788F6 /* Delegate.swift */; };
		09D65C8927E0A20E00B788F6 /* Recipe.swift in Sources */ = {isa = PBXBuildFile; fileRef = 09D65C8827E0A20E00B788F6 /* Recipe.swift */; };
		09D767F627DB4C5D009BA77C /* UIView extension.swift in Sources */ = {isa = PBXBuildFile; fileRef = 09D767F527DB4C5D009BA77C /* UIView extension.swift */; };
		09D8962A281074400067140F /* ApiKey.swift in Sources */ = {isa = PBXBuildFile; fileRef = 09D89629281074400067140F /* ApiKey.swift */; };
		09DD9B9A27DF44DD0011B505 /* RecipesHeaderView.xib in Resources */ = {isa = PBXBuildFile; fileRef = 09DD9B9927DF44DD0011B505 /* RecipesHeaderView.xib */; };
		C855C586DE03E9DCB7995FF9 /* Pods_Reciplease.framework in Frameworks */ = {isa = PBXBuildFile; fileRef = 834F70D882073B48045FC3A4 /* Pods_Reciplease.framework */; };
/* End PBXBuildFile section */

/* Begin PBXContainerItemProxy section */
		091C3EC727D7AD0800319728 /* PBXContainerItemProxy */ = {
			isa = PBXContainerItemProxy;
			containerPortal = 091C3EA527D7AD0700319728 /* Project object */;
			proxyType = 1;
			remoteGlobalIDString = 091C3EAC27D7AD0700319728;
			remoteInfo = Reciplease;
		};
		091C3ED127D7AD0800319728 /* PBXContainerItemProxy */ = {
			isa = PBXContainerItemProxy;
			containerPortal = 091C3EA527D7AD0700319728 /* Project object */;
			proxyType = 1;
			remoteGlobalIDString = 091C3EAC27D7AD0700319728;
			remoteInfo = Reciplease;
		};
/* End PBXContainerItemProxy section */

/* Begin PBXFileReference section */
		091C3EAD27D7AD0700319728 /* Reciplease.app */ = {isa = PBXFileReference; explicitFileType = wrapper.application; includeInIndex = 0; path = Reciplease.app; sourceTree = BUILT_PRODUCTS_DIR; };
		091C3EB027D7AD0700319728 /* AppDelegate.swift */ = {isa = PBXFileReference; lastKnownFileType = sourcecode.swift; path = AppDelegate.swift; sourceTree = "<group>"; };
		091C3EB227D7AD0700319728 /* SceneDelegate.swift */ = {isa = PBXFileReference; lastKnownFileType = sourcecode.swift; path = SceneDelegate.swift; sourceTree = "<group>"; };
		091C3EB427D7AD0700319728 /* ViewController.swift */ = {isa = PBXFileReference; lastKnownFileType = sourcecode.swift; path = ViewController.swift; sourceTree = "<group>"; };
		091C3EB727D7AD0700319728 /* Base */ = {isa = PBXFileReference; lastKnownFileType = file.storyboard; name = Base; path = Base.lproj/Main.storyboard; sourceTree = "<group>"; };
		091C3EBA27D7AD0700319728 /* Reciplease.xcdatamodel */ = {isa = PBXFileReference; lastKnownFileType = wrapper.xcdatamodel; path = Reciplease.xcdatamodel; sourceTree = "<group>"; };
		091C3EBC27D7AD0800319728 /* Assets.xcassets */ = {isa = PBXFileReference; lastKnownFileType = folder.assetcatalog; path = Assets.xcassets; sourceTree = "<group>"; };
		091C3EBF27D7AD0800319728 /* Base */ = {isa = PBXFileReference; lastKnownFileType = file.storyboard; name = Base; path = Base.lproj/LaunchScreen.storyboard; sourceTree = "<group>"; };
		091C3EC127D7AD0800319728 /* Info.plist */ = {isa = PBXFileReference; lastKnownFileType = text.plist.xml; path = Info.plist; sourceTree = "<group>"; };
		091C3EC627D7AD0800319728 /* RecipleaseTests.xctest */ = {isa = PBXFileReference; explicitFileType = wrapper.cfbundle; includeInIndex = 0; path = RecipleaseTests.xctest; sourceTree = BUILT_PRODUCTS_DIR; };
		091C3ECA27D7AD0800319728 /* RecipleaseTests.swift */ = {isa = PBXFileReference; lastKnownFileType = sourcecode.swift; path = RecipleaseTests.swift; sourceTree = "<group>"; };
		091C3ED027D7AD0800319728 /* RecipleaseUITests.xctest */ = {isa = PBXFileReference; explicitFileType = wrapper.cfbundle; includeInIndex = 0; path = RecipleaseUITests.xctest; sourceTree = BUILT_PRODUCTS_DIR; };
		094442B027EE4BEA0020A453 /* TabBarViewController.swift */ = {isa = PBXFileReference; lastKnownFileType = sourcecode.swift; path = TabBarViewController.swift; sourceTree = "<group>"; };
		0945271927DCB572007A1DA6 /* IngredientDetailCell.swift */ = {isa = PBXFileReference; lastKnownFileType = sourcecode.swift; path = IngredientDetailCell.swift; sourceTree = "<group>"; };
		0945271B27DCB78A007A1DA6 /* IngredientsListTableViewController.swift */ = {isa = PBXFileReference; lastKnownFileType = sourcecode.swift; path = IngredientsListTableViewController.swift; sourceTree = "<group>"; };
		0945271F27DCCBA6007A1DA6 /* IngredientMetricsView.swift */ = {isa = PBXFileReference; lastKnownFileType = sourcecode.swift; path = IngredientMetricsView.swift; sourceTree = "<group>"; };
		0945272127DCCBC1007A1DA6 /* IngredientMetricsView.xib */ = {isa = PBXFileReference; lastKnownFileType = file.xib; path = IngredientMetricsView.xib; sourceTree = "<group>"; };
		09730A3727E7952F00059834 /* JsonData.swift */ = {isa = PBXFileReference; lastKnownFileType = sourcecode.swift; path = JsonData.swift; sourceTree = "<group>"; };
		09730A3B27E79F7700059834 /* RecipeHeaderTableViewCell.swift */ = {isa = PBXFileReference; lastKnownFileType = sourcecode.swift; path = RecipeHeaderTableViewCell.swift; sourceTree = "<group>"; };
		098187EA27DF4F23005DDC93 /* RecipesHearderView.swift */ = {isa = PBXFileReference; lastKnownFileType = sourcecode.swift; path = RecipesHearderView.swift; sourceTree = "<group>"; };
		098187EC27DF5A42005DDC93 /* RecipesDetailViewController.swift */ = {isa = PBXFileReference; lastKnownFileType = sourcecode.swift; path = RecipesDetailViewController.swift; sourceTree = "<group>"; };
		098953672804624800E69303 /* CoreDataStack.swift */ = {isa = PBXFileReference; lastKnownFileType = sourcecode.swift; name = CoreDataStack.swift; path = "Reciplease/Model/Model persistence/CoreDataStack.swift"; sourceTree = SOURCE_ROOT; };
		098953692804647F00E69303 /* StoredObject.swift */ = {isa = PBXFileReference; lastKnownFileType = sourcecode.swift; path = StoredObject.swift; sourceTree = "<group>"; };
		0989536B280464C900E69303 /* StoredDataManager.swift */ = {isa = PBXFileReference; lastKnownFileType = sourcecode.swift; path = StoredDataManager.swift; sourceTree = "<group>"; };
		0989536E28047F6E00E69303 /* Helper.swift */ = {isa = PBXFileReference; lastKnownFileType = sourcecode.swift; path = Helper.swift; sourceTree = "<group>"; };
		0999FCA927E9DE51000DE4A4 /* EdamamApiService.swift */ = {isa = PBXFileReference; lastKnownFileType = sourcecode.swift; path = EdamamApiService.swift; sourceTree = "<group>"; };
		0999FCAB27E9E2B0000DE4A4 /* ImageLoader.swift */ = {isa = PBXFileReference; lastKnownFileType = sourcecode.swift; path = ImageLoader.swift; sourceTree = "<group>"; };
		09A557D8280C55520012077B /* TestEdamamApiService.swift */ = {isa = PBXFileReference; lastKnownFileType = sourcecode.swift; path = TestEdamamApiService.swift; sourceTree = "<group>"; };
		09A557DA280C69870012077B /* TestStoredDataManager.swift */ = {isa = PBXFileReference; lastKnownFileType = sourcecode.swift; path = TestStoredDataManager.swift; sourceTree = "<group>"; };
		09B0CD01285DE09900FB0EAB /* TestContainer.swift */ = {isa = PBXFileReference; lastKnownFileType = sourcecode.swift; path = TestContainer.swift; sourceTree = "<group>"; };
		09C85EA92858ED72003D9030 /* Mocking.swift */ = {isa = PBXFileReference; lastKnownFileType = sourcecode.swift; path = Mocking.swift; sourceTree = "<group>"; };
		09CE6F3427F85CCE00685ADB /* FavoritesRecipesTableViewController.swift */ = {isa = PBXFileReference; lastKnownFileType = sourcecode.swift; path = FavoritesRecipesTableViewController.swift; sourceTree = "<group>"; };
		09CE6F3627F86B7E00685ADB /* Empty favorites recipes view.xib */ = {isa = PBXFileReference; lastKnownFileType = file.xib; path = "Empty favorites recipes view.xib"; sourceTree = "<group>"; };
		09CE6F3827F876B300685ADB /* EmptyFavoriteRecipesView.swift */ = {isa = PBXFileReference; lastKnownFileType = sourcecode.swift; path = EmptyFavoriteRecipesView.swift; sourceTree = "<group>"; };
		09D65C8627E0A17600B788F6 /* Delegate.swift */ = {isa = PBXFileReference; lastKnownFileType = sourcecode.swift; path = Delegate.swift; sourceTree = "<group>"; };
		09D65C8827E0A20E00B788F6 /* Recipe.swift */ = {isa = PBXFileReference; lastKnownFileType = sourcecode.swift; path = Recipe.swift; sourceTree = "<group>"; };
		09D767F527DB4C5D009BA77C /* UIView extension.swift */ = {isa = PBXFileReference; lastKnownFileType = sourcecode.swift; path = "UIView extension.swift"; sourceTree = "<group>"; };
		09D89629281074400067140F /* ApiKey.swift */ = {isa = PBXFileReference; lastKnownFileType = sourcecode.swift; path = ApiKey.swift; sourceTree = "<group>"; };
		09DD9B9927DF44DD0011B505 /* RecipesHeaderView.xib */ = {isa = PBXFileReference; lastKnownFileType = file.xib; path = RecipesHeaderView.xib; sourceTree = "<group>"; };
		65FA11C27A962EAA68CEF757 /* Pods-Reciplease.debug.xcconfig */ = {isa = PBXFileReference; includeInIndex = 1; lastKnownFileType = text.xcconfig; name = "Pods-Reciplease.debug.xcconfig"; path = "Target Support Files/Pods-Reciplease/Pods-Reciplease.debug.xcconfig"; sourceTree = "<group>"; };
		834F70D882073B48045FC3A4 /* Pods_Reciplease.framework */ = {isa = PBXFileReference; explicitFileType = wrapper.framework; includeInIndex = 0; path = Pods_Reciplease.framework; sourceTree = BUILT_PRODUCTS_DIR; };
		DF429CD752492E4485B875B7 /* Pods-Reciplease.release.xcconfig */ = {isa = PBXFileReference; includeInIndex = 1; lastKnownFileType = text.xcconfig; name = "Pods-Reciplease.release.xcconfig"; path = "Target Support Files/Pods-Reciplease/Pods-Reciplease.release.xcconfig"; sourceTree = "<group>"; };
/* End PBXFileReference section */

/* Begin PBXFrameworksBuildPhase section */
		091C3EAA27D7AD0700319728 /* Frameworks */ = {
			isa = PBXFrameworksBuildPhase;
			buildActionMask = 2147483647;
			files = (
				C855C586DE03E9DCB7995FF9 /* Pods_Reciplease.framework in Frameworks */,
			);
			runOnlyForDeploymentPostprocessing = 0;
		};
		091C3EC327D7AD0800319728 /* Frameworks */ = {
			isa = PBXFrameworksBuildPhase;
			buildActionMask = 2147483647;
			files = (
			);
			runOnlyForDeploymentPostprocessing = 0;
		};
		091C3ECD27D7AD0800319728 /* Frameworks */ = {
			isa = PBXFrameworksBuildPhase;
			buildActionMask = 2147483647;
			files = (
			);
			runOnlyForDeploymentPostprocessing = 0;
		};
/* End PBXFrameworksBuildPhase section */

/* Begin PBXGroup section */
		021863E044F5082DEB815868 /* Pods */ = {
			isa = PBXGroup;
			children = (
				65FA11C27A962EAA68CEF757 /* Pods-Reciplease.debug.xcconfig */,
				DF429CD752492E4485B875B7 /* Pods-Reciplease.release.xcconfig */,
			);
			path = Pods;
			sourceTree = "<group>";
		};
		091C3EA427D7AD0700319728 = {
			isa = PBXGroup;
			children = (
				091C3EAF27D7AD0700319728 /* Reciplease */,
				091C3EC927D7AD0800319728 /* RecipleaseTests */,
				091C3EAE27D7AD0700319728 /* Products */,
				021863E044F5082DEB815868 /* Pods */,
				8A5BF4A660B4B76A26AF4AAC /* Frameworks */,
			);
			sourceTree = "<group>";
		};
		091C3EAE27D7AD0700319728 /* Products */ = {
			isa = PBXGroup;
			children = (
				091C3EAD27D7AD0700319728 /* Reciplease.app */,
				091C3EC627D7AD0800319728 /* RecipleaseTests.xctest */,
				091C3ED027D7AD0800319728 /* RecipleaseUITests.xctest */,
			);
			name = Products;
			sourceTree = "<group>";
		};
		091C3EAF27D7AD0700319728 /* Reciplease */ = {
			isa = PBXGroup;
			children = (
				091C3EB027D7AD0700319728 /* AppDelegate.swift */,
				091C3EB227D7AD0700319728 /* SceneDelegate.swift */,
				09D65C8B27E0DA2800B788F6 /* ViewControllers */,
				09D65C8A27E0D92F00B788F6 /* Model */,
				091C3EB627D7AD0700319728 /* Main.storyboard */,
				09CE6F3627F86B7E00685ADB /* Empty favorites recipes view.xib */,
				09CE6F3827F876B300685ADB /* EmptyFavoriteRecipesView.swift */,
				09D65C8C27E0DA4E00B788F6 /* CustomViews */,
				0945271927DCB572007A1DA6 /* IngredientDetailCell.swift */,
				09730A3B27E79F7700059834 /* RecipeHeaderTableViewCell.swift */,
				09D767F527DB4C5D009BA77C /* UIView extension.swift */,
				091C3EBC27D7AD0800319728 /* Assets.xcassets */,
				091C3EBE27D7AD0800319728 /* LaunchScreen.storyboard */,
				091C3EC127D7AD0800319728 /* Info.plist */,
				091C3EB927D7AD0700319728 /* Reciplease.xcdatamodeld */,
			);
			path = Reciplease;
			sourceTree = "<group>";
		};
		091C3EC927D7AD0800319728 /* RecipleaseTests */ = {
			isa = PBXGroup;
			children = (
				091C3ECA27D7AD0800319728 /* RecipleaseTests.swift */,
				09A557D8280C55520012077B /* TestEdamamApiService.swift */,
				09A557DA280C69870012077B /* TestStoredDataManager.swift */,
				09B0CD01285DE09900FB0EAB /* TestContainer.swift */,
			);
			path = RecipleaseTests;
			sourceTree = "<group>";
		};
		0989536D28047EDD00E69303 /* Model persistence */ = {
			isa = PBXGroup;
			children = (
				0989536B280464C900E69303 /* StoredDataManager.swift */,
				098953692804647F00E69303 /* StoredObject.swift */,
				098953672804624800E69303 /* CoreDataStack.swift */,
				0989536E28047F6E00E69303 /* Helper.swift */,
			);
			path = "Model persistence";
			sourceTree = "<group>";
		};
		09D65C8A27E0D92F00B788F6 /* Model */ = {
			isa = PBXGroup;
			children = (
				0989536D28047EDD00E69303 /* Model persistence */,
				09D65C8627E0A17600B788F6 /* Delegate.swift */,
				0999FCA927E9DE51000DE4A4 /* EdamamApiService.swift */,
				09C85EA92858ED72003D9030 /* Mocking.swift */,
				09D89629281074400067140F /* ApiKey.swift */,
				09730A3727E7952F00059834 /* JsonData.swift */,
				0999FCAB27E9E2B0000DE4A4 /* ImageLoader.swift */,
				09D65C8827E0A20E00B788F6 /* Recipe.swift */,
			);
			path = Model;
			sourceTree = "<group>";
		};
		09D65C8B27E0DA2800B788F6 /* ViewControllers */ = {
			isa = PBXGroup;
			children = (
				091C3EB427D7AD0700319728 /* ViewController.swift */,
				0945271B27DCB78A007A1DA6 /* IngredientsListTableViewController.swift */,
				09CE6F3427F85CCE00685ADB /* FavoritesRecipesTableViewController.swift */,
				094442B027EE4BEA0020A453 /* TabBarViewController.swift */,
				098187EC27DF5A42005DDC93 /* RecipesDetailViewController.swift */,
			);
			path = ViewControllers;
			sourceTree = "<group>";
		};
		09D65C8C27E0DA4E00B788F6 /* CustomViews */ = {
			isa = PBXGroup;
			children = (
				09DD9B9927DF44DD0011B505 /* RecipesHeaderView.xib */,
				098187EA27DF4F23005DDC93 /* RecipesHearderView.swift */,
				0945272127DCCBC1007A1DA6 /* IngredientMetricsView.xib */,
				0945271F27DCCBA6007A1DA6 /* IngredientMetricsView.swift */,
			);
			path = CustomViews;
			sourceTree = "<group>";
		};
		8A5BF4A660B4B76A26AF4AAC /* Frameworks */ = {
			isa = PBXGroup;
			children = (
				834F70D882073B48045FC3A4 /* Pods_Reciplease.framework */,
			);
			name = Frameworks;
			sourceTree = "<group>";
		};
/* End PBXGroup section */

/* Begin PBXNativeTarget section */
		091C3EAC27D7AD0700319728 /* Reciplease */ = {
			isa = PBXNativeTarget;
			buildConfigurationList = 091C3EDA27D7AD0800319728 /* Build configuration list for PBXNativeTarget "Reciplease" */;
			buildPhases = (
				D0333B21822342964B078518 /* [CP] Check Pods Manifest.lock */,
				091C3EA927D7AD0700319728 /* Sources */,
				091C3EAA27D7AD0700319728 /* Frameworks */,
				091C3EAB27D7AD0700319728 /* Resources */,
				BEABA00F230E00C598B19FFC /* [CP] Embed Pods Frameworks */,
			);
			buildRules = (
			);
			dependencies = (
			);
			name = Reciplease;
			productName = Reciplease;
			productReference = 091C3EAD27D7AD0700319728 /* Reciplease.app */;
			productType = "com.apple.product-type.application";
		};
		091C3EC527D7AD0800319728 /* RecipleaseTests */ = {
			isa = PBXNativeTarget;
			buildConfigurationList = 091C3EDD27D7AD0800319728 /* Build configuration list for PBXNativeTarget "RecipleaseTests" */;
			buildPhases = (
				091C3EC227D7AD0800319728 /* Sources */,
				091C3EC327D7AD0800319728 /* Frameworks */,
				091C3EC427D7AD0800319728 /* Resources */,
			);
			buildRules = (
			);
			dependencies = (
				091C3EC827D7AD0800319728 /* PBXTargetDependency */,
			);
			name = RecipleaseTests;
			productName = RecipleaseTests;
			productReference = 091C3EC627D7AD0800319728 /* RecipleaseTests.xctest */;
			productType = "com.apple.product-type.bundle.unit-test";
		};
		091C3ECF27D7AD0800319728 /* RecipleaseUITests */ = {
			isa = PBXNativeTarget;
			buildConfigurationList = 091C3EE027D7AD0800319728 /* Build configuration list for PBXNativeTarget "RecipleaseUITests" */;
			buildPhases = (
				091C3ECC27D7AD0800319728 /* Sources */,
				091C3ECD27D7AD0800319728 /* Frameworks */,
				091C3ECE27D7AD0800319728 /* Resources */,
			);
			buildRules = (
			);
			dependencies = (
				091C3ED227D7AD0800319728 /* PBXTargetDependency */,
			);
			name = RecipleaseUITests;
			productName = RecipleaseUITests;
			productReference = 091C3ED027D7AD0800319728 /* RecipleaseUITests.xctest */;
			productType = "com.apple.product-type.bundle.ui-testing";
		};
/* End PBXNativeTarget section */

/* Begin PBXProject section */
		091C3EA527D7AD0700319728 /* Project object */ = {
			isa = PBXProject;
			attributes = {
				BuildIndependentTargetsInParallel = 1;
				LastSwiftUpdateCheck = 1320;
				LastUpgradeCheck = 1320;
				TargetAttributes = {
					091C3EAC27D7AD0700319728 = {
						CreatedOnToolsVersion = 13.2.1;
					};
					091C3EC527D7AD0800319728 = {
						CreatedOnToolsVersion = 13.2.1;
						TestTargetID = 091C3EAC27D7AD0700319728;
					};
					091C3ECF27D7AD0800319728 = {
						CreatedOnToolsVersion = 13.2.1;
						TestTargetID = 091C3EAC27D7AD0700319728;
					};
				};
			};
			buildConfigurationList = 091C3EA827D7AD0700319728 /* Build configuration list for PBXProject "Reciplease" */;
			compatibilityVersion = "Xcode 13.0";
			developmentRegion = en;
			hasScannedForEncodings = 0;
			knownRegions = (
				en,
				Base,
			);
			mainGroup = 091C3EA427D7AD0700319728;
			productRefGroup = 091C3EAE27D7AD0700319728 /* Products */;
			projectDirPath = "";
			projectRoot = "";
			targets = (
				091C3EAC27D7AD0700319728 /* Reciplease */,
				091C3EC527D7AD0800319728 /* RecipleaseTests */,
				091C3ECF27D7AD0800319728 /* RecipleaseUITests */,
			);
		};
/* End PBXProject section */

/* Begin PBXResourcesBuildPhase section */
		091C3EAB27D7AD0700319728 /* Resources */ = {
			isa = PBXResourcesBuildPhase;
			buildActionMask = 2147483647;
			files = (
				09CE6F3727F86B7E00685ADB /* Empty favorites recipes view.xib in Resources */,
				091C3EC027D7AD0800319728 /* LaunchScreen.storyboard in Resources */,
				0945272227DCCBC1007A1DA6 /* IngredientMetricsView.xib in Resources */,
				099DBB1A27DE500F00A3E2F1 /* Assets.xcassets in Resources */,
				091C3EB827D7AD0700319728 /* Main.storyboard in Resources */,
				09DD9B9A27DF44DD0011B505 /* RecipesHeaderView.xib in Resources */,
			);
			runOnlyForDeploymentPostprocessing = 0;
		};
		091C3EC427D7AD0800319728 /* Resources */ = {
			isa = PBXResourcesBuildPhase;
			buildActionMask = 2147483647;
			files = (
			);
			runOnlyForDeploymentPostprocessing = 0;
		};
		091C3ECE27D7AD0800319728 /* Resources */ = {
			isa = PBXResourcesBuildPhase;
			buildActionMask = 2147483647;
			files = (
			);
			runOnlyForDeploymentPostprocessing = 0;
		};
/* End PBXResourcesBuildPhase section */

/* Begin PBXShellScriptBuildPhase section */
		BEABA00F230E00C598B19FFC /* [CP] Embed Pods Frameworks */ = {
			isa = PBXShellScriptBuildPhase;
			buildActionMask = 2147483647;
			files = (
			);
			inputFileListPaths = (
				"${PODS_ROOT}/Target Support Files/Pods-Reciplease/Pods-Reciplease-frameworks-${CONFIGURATION}-input-files.xcfilelist",
			);
			name = "[CP] Embed Pods Frameworks";
			outputFileListPaths = (
				"${PODS_ROOT}/Target Support Files/Pods-Reciplease/Pods-Reciplease-frameworks-${CONFIGURATION}-output-files.xcfilelist",
			);
			runOnlyForDeploymentPostprocessing = 0;
			shellPath = /bin/sh;
			shellScript = "\"${PODS_ROOT}/Target Support Files/Pods-Reciplease/Pods-Reciplease-frameworks.sh\"\n";
			showEnvVarsInLog = 0;
		};
		D0333B21822342964B078518 /* [CP] Check Pods Manifest.lock */ = {
			isa = PBXShellScriptBuildPhase;
			buildActionMask = 2147483647;
			files = (
			);
			inputFileListPaths = (
			);
			inputPaths = (
				"${PODS_PODFILE_DIR_PATH}/Podfile.lock",
				"${PODS_ROOT}/Manifest.lock",
			);
			name = "[CP] Check Pods Manifest.lock";
			outputFileListPaths = (
			);
			outputPaths = (
				"$(DERIVED_FILE_DIR)/Pods-Reciplease-checkManifestLockResult.txt",
			);
			runOnlyForDeploymentPostprocessing = 0;
			shellPath = /bin/sh;
			shellScript = "diff \"${PODS_PODFILE_DIR_PATH}/Podfile.lock\" \"${PODS_ROOT}/Manifest.lock\" > /dev/null\nif [ $? != 0 ] ; then\n    # print error to STDERR\n    echo \"error: The sandbox is not in sync with the Podfile.lock. Run 'pod install' or update your CocoaPods installation.\" >&2\n    exit 1\nfi\n# This output is used by Xcode 'outputs' to avoid re-running this script phase.\necho \"SUCCESS\" > \"${SCRIPT_OUTPUT_FILE_0}\"\n";
			showEnvVarsInLog = 0;
		};
/* End PBXShellScriptBuildPhase section */

/* Begin PBXSourcesBuildPhase section */
		091C3EA927D7AD0700319728 /* Sources */ = {
			isa = PBXSourcesBuildPhase;
			buildActionMask = 2147483647;
			files = (
				091C3EBB27D7AD0700319728 /* Reciplease.xcdatamodeld in Sources */,
				0945272027DCCBA6007A1DA6 /* IngredientMetricsView.swift in Sources */,
				091C3EB527D7AD0700319728 /* ViewController.swift in Sources */,
				09CE6F3527F85CCE00685ADB /* FavoritesRecipesTableViewController.swift in Sources */,
				09D65C8927E0A20E00B788F6 /* Recipe.swift in Sources */,
				09730A3C27E79F7700059834 /* RecipeHeaderTableViewCell.swift in Sources */,
				091C3EB127D7AD0700319728 /* AppDelegate.swift in Sources */,
				0999FCAC27E9E2B0000DE4A4 /* ImageLoader.swift in Sources */,
				09D767F627DB4C5D009BA77C /* UIView extension.swift in Sources */,
				09730A3827E7952F00059834 /* JsonData.swift in Sources */,
				09D8962A281074400067140F /* ApiKey.swift in Sources */,
				09CE6F3927F876B300685ADB /* EmptyFavoriteRecipesView.swift in Sources */,
				094442B127EE4BEA0020A453 /* TabBarViewController.swift in Sources */,
				091C3EB327D7AD0700319728 /* SceneDelegate.swift in Sources */,
				0989536A2804647F00E69303 /* StoredObject.swift in Sources */,
				0989536C280464C900E69303 /* StoredDataManager.swift in Sources */,
				0945271A27DCB572007A1DA6 /* IngredientDetailCell.swift in Sources */,
				0945271C27DCB78A007A1DA6 /* IngredientsListTableViewController.swift in Sources */,
				098953682804624800E69303 /* CoreDataStack.swift in Sources */,
				0999FCAA27E9DE51000DE4A4 /* EdamamApiService.swift in Sources */,
				09D65C8727E0A17600B788F6 /* Delegate.swift in Sources */,
				09C85EAA2858ED72003D9030 /* Mocking.swift in Sources */,
				0989536F28047F6E00E69303 /* Helper.swift in Sources */,
				098187EB27DF4F23005DDC93 /* RecipesHearderView.swift in Sources */,
				098187ED27DF5A42005DDC93 /* RecipesDetailViewController.swift in Sources */,
			);
			runOnlyForDeploymentPostprocessing = 0;
		};
		091C3EC227D7AD0800319728 /* Sources */ = {
			isa = PBXSourcesBuildPhase;
			buildActionMask = 2147483647;
			files = (
				091C3ECB27D7AD0800319728 /* RecipleaseTests.swift in Sources */,
				09B0CD02285DE09900FB0EAB /* TestContainer.swift in Sources */,
				09A557DB280C69870012077B /* TestStoredDataManager.swift in Sources */,
				09A557D9280C55520012077B /* TestEdamamApiService.swift in Sources */,
			);
			runOnlyForDeploymentPostprocessing = 0;
		};
		091C3ECC27D7AD0800319728 /* Sources */ = {
			isa = PBXSourcesBuildPhase;
			buildActionMask = 2147483647;
			files = (
			);
			runOnlyForDeploymentPostprocessing = 0;
		};
/* End PBXSourcesBuildPhase section */

/* Begin PBXTargetDependency section */
		091C3EC827D7AD0800319728 /* PBXTargetDependency */ = {
			isa = PBXTargetDependency;
			target = 091C3EAC27D7AD0700319728 /* Reciplease */;
			targetProxy = 091C3EC727D7AD0800319728 /* PBXContainerItemProxy */;
		};
		091C3ED227D7AD0800319728 /* PBXTargetDependency */ = {
			isa = PBXTargetDependency;
			target = 091C3EAC27D7AD0700319728 /* Reciplease */;
			targetProxy = 091C3ED127D7AD0800319728 /* PBXContainerItemProxy */;
		};
/* End PBXTargetDependency section */

/* Begin PBXVariantGroup section */
		091C3EB627D7AD0700319728 /* Main.storyboard */ = {
			isa = PBXVariantGroup;
			children = (
				091C3EB727D7AD0700319728 /* Base */,
			);
			name = Main.storyboard;
			sourceTree = "<group>";
		};
		091C3EBE27D7AD0800319728 /* LaunchScreen.storyboard */ = {
			isa = PBXVariantGroup;
			children = (
				091C3EBF27D7AD0800319728 /* Base */,
			);
			name = LaunchScreen.storyboard;
			sourceTree = "<group>";
		};
/* End PBXVariantGroup section */

/* Begin XCBuildConfiguration section */
		091C3ED827D7AD0800319728 /* Debug */ = {
			isa = XCBuildConfiguration;
			buildSettings = {
				ALWAYS_SEARCH_USER_PATHS = NO;
				CLANG_ANALYZER_NONNULL = YES;
				CLANG_ANALYZER_NUMBER_OBJECT_CONVERSION = YES_AGGRESSIVE;
				CLANG_CXX_LANGUAGE_STANDARD = "gnu++17";
				CLANG_CXX_LIBRARY = "libc++";
				CLANG_ENABLE_MODULES = YES;
				CLANG_ENABLE_OBJC_ARC = YES;
				CLANG_ENABLE_OBJC_WEAK = YES;
				CLANG_WARN_BLOCK_CAPTURE_AUTORELEASING = YES;
				CLANG_WARN_BOOL_CONVERSION = YES;
				CLANG_WARN_COMMA = YES;
				CLANG_WARN_CONSTANT_CONVERSION = YES;
				CLANG_WARN_DEPRECATED_OBJC_IMPLEMENTATIONS = YES;
				CLANG_WARN_DIRECT_OBJC_ISA_USAGE = YES_ERROR;
				CLANG_WARN_DOCUMENTATION_COMMENTS = YES;
				CLANG_WARN_EMPTY_BODY = YES;
				CLANG_WARN_ENUM_CONVERSION = YES;
				CLANG_WARN_INFINITE_RECURSION = YES;
				CLANG_WARN_INT_CONVERSION = YES;
				CLANG_WARN_NON_LITERAL_NULL_CONVERSION = YES;
				CLANG_WARN_OBJC_IMPLICIT_RETAIN_SELF = YES;
				CLANG_WARN_OBJC_LITERAL_CONVERSION = YES;
				CLANG_WARN_OBJC_ROOT_CLASS = YES_ERROR;
				CLANG_WARN_QUOTED_INCLUDE_IN_FRAMEWORK_HEADER = YES;
				CLANG_WARN_RANGE_LOOP_ANALYSIS = YES;
				CLANG_WARN_STRICT_PROTOTYPES = YES;
				CLANG_WARN_SUSPICIOUS_MOVE = YES;
				CLANG_WARN_UNGUARDED_AVAILABILITY = YES_AGGRESSIVE;
				CLANG_WARN_UNREACHABLE_CODE = YES;
				CLANG_WARN__DUPLICATE_METHOD_MATCH = YES;
				COPY_PHASE_STRIP = NO;
				DEBUG_INFORMATION_FORMAT = dwarf;
				ENABLE_STRICT_OBJC_MSGSEND = YES;
				ENABLE_TESTABILITY = YES;
				GCC_C_LANGUAGE_STANDARD = gnu11;
				GCC_DYNAMIC_NO_PIC = NO;
				GCC_NO_COMMON_BLOCKS = YES;
				GCC_OPTIMIZATION_LEVEL = 0;
				GCC_PREPROCESSOR_DEFINITIONS = (
					"DEBUG=1",
					"$(inherited)",
				);
				GCC_WARN_64_TO_32_BIT_CONVERSION = YES;
				GCC_WARN_ABOUT_RETURN_TYPE = YES_ERROR;
				GCC_WARN_UNDECLARED_SELECTOR = YES;
				GCC_WARN_UNINITIALIZED_AUTOS = YES_AGGRESSIVE;
				GCC_WARN_UNUSED_FUNCTION = YES;
				GCC_WARN_UNUSED_VARIABLE = YES;
				IPHONEOS_DEPLOYMENT_TARGET = 15.2;
				MTL_ENABLE_DEBUG_INFO = INCLUDE_SOURCE;
				MTL_FAST_MATH = YES;
				ONLY_ACTIVE_ARCH = YES;
				SDKROOT = iphoneos;
				SWIFT_ACTIVE_COMPILATION_CONDITIONS = DEBUG;
				SWIFT_OPTIMIZATION_LEVEL = "-Onone";
			};
			name = Debug;
		};
		091C3ED927D7AD0800319728 /* Release */ = {
			isa = XCBuildConfiguration;
			buildSettings = {
				ALWAYS_SEARCH_USER_PATHS = NO;
				CLANG_ANALYZER_NONNULL = YES;
				CLANG_ANALYZER_NUMBER_OBJECT_CONVERSION = YES_AGGRESSIVE;
				CLANG_CXX_LANGUAGE_STANDARD = "gnu++17";
				CLANG_CXX_LIBRARY = "libc++";
				CLANG_ENABLE_MODULES = YES;
				CLANG_ENABLE_OBJC_ARC = YES;
				CLANG_ENABLE_OBJC_WEAK = YES;
				CLANG_WARN_BLOCK_CAPTURE_AUTORELEASING = YES;
				CLANG_WARN_BOOL_CONVERSION = YES;
				CLANG_WARN_COMMA = YES;
				CLANG_WARN_CONSTANT_CONVERSION = YES;
				CLANG_WARN_DEPRECATED_OBJC_IMPLEMENTATIONS = YES;
				CLANG_WARN_DIRECT_OBJC_ISA_USAGE = YES_ERROR;
				CLANG_WARN_DOCUMENTATION_COMMENTS = YES;
				CLANG_WARN_EMPTY_BODY = YES;
				CLANG_WARN_ENUM_CONVERSION = YES;
				CLANG_WARN_INFINITE_RECURSION = YES;
				CLANG_WARN_INT_CONVERSION = YES;
				CLANG_WARN_NON_LITERAL_NULL_CONVERSION = YES;
				CLANG_WARN_OBJC_IMPLICIT_RETAIN_SELF = YES;
				CLANG_WARN_OBJC_LITERAL_CONVERSION = YES;
				CLANG_WARN_OBJC_ROOT_CLASS = YES_ERROR;
				CLANG_WARN_QUOTED_INCLUDE_IN_FRAMEWORK_HEADER = YES;
				CLANG_WARN_RANGE_LOOP_ANALYSIS = YES;
				CLANG_WARN_STRICT_PROTOTYPES = YES;
				CLANG_WARN_SUSPICIOUS_MOVE = YES;
				CLANG_WARN_UNGUARDED_AVAILABILITY = YES_AGGRESSIVE;
				CLANG_WARN_UNREACHABLE_CODE = YES;
				CLANG_WARN__DUPLICATE_METHOD_MATCH = YES;
				COPY_PHASE_STRIP = NO;
				DEBUG_INFORMATION_FORMAT = "dwarf-with-dsym";
				ENABLE_NS_ASSERTIONS = NO;
				ENABLE_STRICT_OBJC_MSGSEND = YES;
				GCC_C_LANGUAGE_STANDARD = gnu11;
				GCC_NO_COMMON_BLOCKS = YES;
				GCC_WARN_64_TO_32_BIT_CONVERSION = YES;
				GCC_WARN_ABOUT_RETURN_TYPE = YES_ERROR;
				GCC_WARN_UNDECLARED_SELECTOR = YES;
				GCC_WARN_UNINITIALIZED_AUTOS = YES_AGGRESSIVE;
				GCC_WARN_UNUSED_FUNCTION = YES;
				GCC_WARN_UNUSED_VARIABLE = YES;
				IPHONEOS_DEPLOYMENT_TARGET = 15.2;
				MTL_ENABLE_DEBUG_INFO = NO;
				MTL_FAST_MATH = YES;
				SDKROOT = iphoneos;
				SWIFT_COMPILATION_MODE = wholemodule;
				SWIFT_OPTIMIZATION_LEVEL = "-O";
				VALIDATE_PRODUCT = YES;
			};
			name = Release;
		};
		091C3EDB27D7AD0800319728 /* Debug */ = {
			isa = XCBuildConfiguration;
			baseConfigurationReference = 65FA11C27A962EAA68CEF757 /* Pods-Reciplease.debug.xcconfig */;
			buildSettings = {
				ASSETCATALOG_COMPILER_APPICON_NAME = AppIcon;
				ASSETCATALOG_COMPILER_GLOBAL_ACCENT_COLOR_NAME = AccentColor;
				CODE_SIGN_STYLE = Automatic;
				CURRENT_PROJECT_VERSION = 1;
				DEVELOPMENT_TEAM = 7ZG4KANLDR;
				GENERATE_INFOPLIST_FILE = YES;
				INFOPLIST_FILE = Reciplease/Info.plist;
				INFOPLIST_KEY_UIApplicationSupportsIndirectInputEvents = YES;
				INFOPLIST_KEY_UILaunchStoryboardName = LaunchScreen;
				INFOPLIST_KEY_UIMainStoryboardFile = Main;
				INFOPLIST_KEY_UISupportedInterfaceOrientations = UIInterfaceOrientationPortrait;
				INFOPLIST_KEY_UISupportedInterfaceOrientations_iPad = "UIInterfaceOrientationPortrait UIInterfaceOrientationPortraitUpsideDown UIInterfaceOrientationLandscapeLeft UIInterfaceOrientationLandscapeRight";
				INFOPLIST_KEY_UISupportedInterfaceOrientations_iPhone = "UIInterfaceOrientationPortrait UIInterfaceOrientationLandscapeLeft UIInterfaceOrientationLandscapeRight";
				LD_RUNPATH_SEARCH_PATHS = (
					"$(inherited)",
					"@executable_path/Frameworks",
				);
				MARKETING_VERSION = 1.0;
				PRODUCT_BUNDLE_IDENTIFIER = "com.openclassRoom.Projet-10.Reciplease";
				PRODUCT_NAME = "$(TARGET_NAME)";
				SWIFT_EMIT_LOC_STRINGS = YES;
				SWIFT_VERSION = 5.0;
				TARGETED_DEVICE_FAMILY = 1;
			};
			name = Debug;
		};
		091C3EDC27D7AD0800319728 /* Release */ = {
			isa = XCBuildConfiguration;
			baseConfigurationReference = DF429CD752492E4485B875B7 /* Pods-Reciplease.release.xcconfig */;
			buildSettings = {
				ASSETCATALOG_COMPILER_APPICON_NAME = AppIcon;
				ASSETCATALOG_COMPILER_GLOBAL_ACCENT_COLOR_NAME = AccentColor;
				CODE_SIGN_STYLE = Automatic;
				CURRENT_PROJECT_VERSION = 1;
				DEVELOPMENT_TEAM = 7ZG4KANLDR;
				GENERATE_INFOPLIST_FILE = YES;
				INFOPLIST_FILE = Reciplease/Info.plist;
				INFOPLIST_KEY_UIApplicationSupportsIndirectInputEvents = YES;
				INFOPLIST_KEY_UILaunchStoryboardName = LaunchScreen;
				INFOPLIST_KEY_UIMainStoryboardFile = Main;
				INFOPLIST_KEY_UISupportedInterfaceOrientations = UIInterfaceOrientationPortrait;
				INFOPLIST_KEY_UISupportedInterfaceOrientations_iPad = "UIInterfaceOrientationPortrait UIInterfaceOrientationPortraitUpsideDown UIInterfaceOrientationLandscapeLeft UIInterfaceOrientationLandscapeRight";
				INFOPLIST_KEY_UISupportedInterfaceOrientations_iPhone = "UIInterfaceOrientationPortrait UIInterfaceOrientationLandscapeLeft UIInterfaceOrientationLandscapeRight";
				LD_RUNPATH_SEARCH_PATHS = (
					"$(inherited)",
					"@executable_path/Frameworks",
				);
				MARKETING_VERSION = 1.0;
				PRODUCT_BUNDLE_IDENTIFIER = "com.openclassRoom.Projet-10.Reciplease";
				PRODUCT_NAME = "$(TARGET_NAME)";
				SWIFT_EMIT_LOC_STRINGS = YES;
				SWIFT_VERSION = 5.0;
				TARGETED_DEVICE_FAMILY = 1;
			};
			name = Release;
		};
		091C3EDE27D7AD0800319728 /* Debug */ = {
			isa = XCBuildConfiguration;
			buildSettings = {
				ALWAYS_EMBED_SWIFT_STANDARD_LIBRARIES = YES;
				BUNDLE_LOADER = "$(TEST_HOST)";
				CODE_SIGN_STYLE = Automatic;
				CURRENT_PROJECT_VERSION = 1;
				DEVELOPMENT_TEAM = 7ZG4KANLDR;
				GENERATE_INFOPLIST_FILE = YES;
				IPHONEOS_DEPLOYMENT_TARGET = 15.2;
				MARKETING_VERSION = 1.0;
				PRODUCT_BUNDLE_IDENTIFIER = "com.openclassRoom.Projet-10.RecipleaseTests";
				PRODUCT_NAME = "$(TARGET_NAME)";
				SWIFT_EMIT_LOC_STRINGS = NO;
				SWIFT_VERSION = 5.0;
				TARGETED_DEVICE_FAMILY = "1,2";
				TEST_HOST = "$(BUILT_PRODUCTS_DIR)/Reciplease.app/Reciplease";
			};
			name = Debug;
		};
		091C3EDF27D7AD0800319728 /* Release */ = {
			isa = XCBuildConfiguration;
			buildSettings = {
				ALWAYS_EMBED_SWIFT_STANDARD_LIBRARIES = YES;
				BUNDLE_LOADER = "$(TEST_HOST)";
				CODE_SIGN_STYLE = Automatic;
				CURRENT_PROJECT_VERSION = 1;
				DEVELOPMENT_TEAM = 7ZG4KANLDR;
				GENERATE_INFOPLIST_FILE = YES;
				IPHONEOS_DEPLOYMENT_TARGET = 15.2;
				MARKETING_VERSION = 1.0;
				PRODUCT_BUNDLE_IDENTIFIER = "com.openclassRoom.Projet-10.RecipleaseTests";
				PRODUCT_NAME = "$(TARGET_NAME)";
				SWIFT_EMIT_LOC_STRINGS = NO;
				SWIFT_VERSION = 5.0;
				TARGETED_DEVICE_FAMILY = "1,2";
				TEST_HOST = "$(BUILT_PRODUCTS_DIR)/Reciplease.app/Reciplease";
			};
			name = Release;
		};
		091C3EE127D7AD0800319728 /* Debug */ = {
			isa = XCBuildConfiguration;
			buildSettings = {
				ALWAYS_EMBED_SWIFT_STANDARD_LIBRARIES = YES;
				CODE_SIGN_STYLE = Automatic;
				CURRENT_PROJECT_VERSION = 1;
				DEVELOPMENT_TEAM = 7ZG4KANLDR;
				GENERATE_INFOPLIST_FILE = YES;
				MARKETING_VERSION = 1.0;
				PRODUCT_BUNDLE_IDENTIFIER = "com.openclassRoom.Projet-10.RecipleaseUITests";
				PRODUCT_NAME = "$(TARGET_NAME)";
				SWIFT_EMIT_LOC_STRINGS = NO;
				SWIFT_VERSION = 5.0;
				TARGETED_DEVICE_FAMILY = "1,2";
				TEST_TARGET_NAME = Reciplease;
			};
			name = Debug;
		};
		091C3EE227D7AD0800319728 /* Release */ = {
			isa = XCBuildConfiguration;
			buildSettings = {
				ALWAYS_EMBED_SWIFT_STANDARD_LIBRARIES = YES;
				CODE_SIGN_STYLE = Automatic;
				CURRENT_PROJECT_VERSION = 1;
				DEVELOPMENT_TEAM = 7ZG4KANLDR;
				GENERATE_INFOPLIST_FILE = YES;
				MARKETING_VERSION = 1.0;
				PRODUCT_BUNDLE_IDENTIFIER = "com.openclassRoom.Projet-10.RecipleaseUITests";
				PRODUCT_NAME = "$(TARGET_NAME)";
				SWIFT_EMIT_LOC_STRINGS = NO;
				SWIFT_VERSION = 5.0;
				TARGETED_DEVICE_FAMILY = "1,2";
				TEST_TARGET_NAME = Reciplease;
			};
			name = Release;
		};
/* End XCBuildConfiguration section */

/* Begin XCConfigurationList section */
		091C3EA827D7AD0700319728 /* Build configuration list for PBXProject "Reciplease" */ = {
			isa = XCConfigurationList;
			buildConfigurations = (
				091C3ED827D7AD0800319728 /* Debug */,
				091C3ED927D7AD0800319728 /* Release */,
			);
			defaultConfigurationIsVisible = 0;
			defaultConfigurationName = Release;
		};
		091C3EDA27D7AD0800319728 /* Build configuration list for PBXNativeTarget "Reciplease" */ = {
			isa = XCConfigurationList;
			buildConfigurations = (
				091C3EDB27D7AD0800319728 /* Debug */,
				091C3EDC27D7AD0800319728 /* Release */,
			);
			defaultConfigurationIsVisible = 0;
			defaultConfigurationName = Release;
		};
		091C3EDD27D7AD0800319728 /* Build configuration list for PBXNativeTarget "RecipleaseTests" */ = {
			isa = XCConfigurationList;
			buildConfigurations = (
				091C3EDE27D7AD0800319728 /* Debug */,
				091C3EDF27D7AD0800319728 /* Release */,
			);
			defaultConfigurationIsVisible = 0;
			defaultConfigurationName = Release;
		};
		091C3EE027D7AD0800319728 /* Build configuration list for PBXNativeTarget "RecipleaseUITests" */ = {
			isa = XCConfigurationList;
			buildConfigurations = (
				091C3EE127D7AD0800319728 /* Debug */,
				091C3EE227D7AD0800319728 /* Release */,
			);
			defaultConfigurationIsVisible = 0;
			defaultConfigurationName = Release;
		};
/* End XCConfigurationList section */

/* Begin XCVersionGroup section */
		091C3EB927D7AD0700319728 /* Reciplease.xcdatamodeld */ = {
			isa = XCVersionGroup;
			children = (
				091C3EBA27D7AD0700319728 /* Reciplease.xcdatamodel */,
			);
			currentVersion = 091C3EBA27D7AD0700319728 /* Reciplease.xcdatamodel */;
			path = Reciplease.xcdatamodeld;
			sourceTree = "<group>";
			versionGroupType = wrapper.xcdatamodel;
		};
/* End XCVersionGroup section */
	};
	rootObject = 091C3EA527D7AD0700319728 /* Project object */;
}
